// !$*UTF8*$!
{
	archiveVersion = 1;
	classes = {
	};
	objectVersion = 56;
	objects = {

/* Begin PBXBuildFile section */
		295D878B2C3499510024DD0F /* View+Extension.swift in Sources */ = {isa = PBXBuildFile; fileRef = 295D878A2C3499510024DD0F /* View+Extension.swift */; };
		295D878E2C349C970024DD0F /* BorderedModifier.swift in Sources */ = {isa = PBXBuildFile; fileRef = 295D878D2C349C970024DD0F /* BorderedModifier.swift */; };
		295D87902C35C0AD0024DD0F /* ProviderTag.swift in Sources */ = {isa = PBXBuildFile; fileRef = 295D878F2C35C0AD0024DD0F /* ProviderTag.swift */; };
		295D87932C35C6EB0024DD0F /* ProviderTagStyle.swift in Sources */ = {isa = PBXBuildFile; fileRef = 295D87922C35C6EB0024DD0F /* ProviderTagStyle.swift */; };
		295D87972C35DDA50024DD0F /* Icon.swift in Sources */ = {isa = PBXBuildFile; fileRef = 295D87962C35DDA50024DD0F /* Icon.swift */; };
		295D879A2C35E1210024DD0F /* IconStyle.swift in Sources */ = {isa = PBXBuildFile; fileRef = 295D87992C35E1210024DD0F /* IconStyle.swift */; };
		295D879C2C36D0A20024DD0F /* ImageFrame.swift in Sources */ = {isa = PBXBuildFile; fileRef = 295D879B2C36D0A20024DD0F /* ImageFrame.swift */; };
		295D879F2C36D0B20024DD0F /* ImageFrameStyle.swift in Sources */ = {isa = PBXBuildFile; fileRef = 295D879E2C36D0B20024DD0F /* ImageFrameStyle.swift */; };
		295D87A12C36DCD20024DD0F /* CornerRadiusModifier.swift in Sources */ = {isa = PBXBuildFile; fileRef = 295D87A02C36DCD20024DD0F /* CornerRadiusModifier.swift */; };
		295D87A32C3712AB0024DD0F /* RatingBox.swift in Sources */ = {isa = PBXBuildFile; fileRef = 295D87A22C3712AB0024DD0F /* RatingBox.swift */; };
		295D87A62C3712C00024DD0F /* RatingBoxStyle.swift in Sources */ = {isa = PBXBuildFile; fileRef = 295D87A52C3712C00024DD0F /* RatingBoxStyle.swift */; };
		298A80C72C3D81FD005E2367 /* IconSnapshotTests.swift in Sources */ = {isa = PBXBuildFile; fileRef = 298A80C62C3D81FD005E2367 /* IconSnapshotTests.swift */; };
		298A80D02C3D8234005E2367 /* SnapshotTesting in Frameworks */ = {isa = PBXBuildFile; productRef = 298A80CF2C3D8234005E2367 /* SnapshotTesting */; };
		298A80D62C3DB415005E2367 /* TextSnapshopTest.swift in Sources */ = {isa = PBXBuildFile; fileRef = 298A80D52C3DB415005E2367 /* TextSnapshopTest.swift */; };
		298A80DA2C3DB69F005E2367 /* RatingBoxSnapshotTests.swift in Sources */ = {isa = PBXBuildFile; fileRef = 298A80D92C3DB69F005E2367 /* RatingBoxSnapshotTests.swift */; };
		298A80DD2C3DB78E005E2367 /* ImageFrameSnapshotTests.swift in Sources */ = {isa = PBXBuildFile; fileRef = 298A80DC2C3DB78E005E2367 /* ImageFrameSnapshotTests.swift */; };
		298A80E02C3DB8F8005E2367 /* AgeRateSnapshotTests.swift in Sources */ = {isa = PBXBuildFile; fileRef = 298A80DF2C3DB8F8005E2367 /* AgeRateSnapshotTests.swift */; };
		298A80E32C3DB990005E2367 /* ProviderTagSnapshotTests.swift in Sources */ = {isa = PBXBuildFile; fileRef = 298A80E22C3DB990005E2367 /* ProviderTagSnapshotTests.swift */; };
		29A73AD22C34315600E76594 /* FlixerProjectApp.swift in Sources */ = {isa = PBXBuildFile; fileRef = 29A73AD12C34315600E76594 /* FlixerProjectApp.swift */; };
		29A73AD42C34315600E76594 /* ContentView.swift in Sources */ = {isa = PBXBuildFile; fileRef = 29A73AD32C34315600E76594 /* ContentView.swift */; };
		29A73AD62C34315800E76594 /* Assets.xcassets in Resources */ = {isa = PBXBuildFile; fileRef = 29A73AD52C34315800E76594 /* Assets.xcassets */; };
		29A73AD92C34315800E76594 /* Preview Assets.xcassets in Resources */ = {isa = PBXBuildFile; fileRef = 29A73AD82C34315800E76594 /* Preview Assets.xcassets */; };
		29A73AE32C34315800E76594 /* FlixerProjectTests.swift in Sources */ = {isa = PBXBuildFile; fileRef = 29A73AE22C34315800E76594 /* FlixerProjectTests.swift */; };
		29A73B002C34399200E76594 /* Text+Extension.swift in Sources */ = {isa = PBXBuildFile; fileRef = 29A73AFF2C34399200E76594 /* Text+Extension.swift */; };
		29A73B022C3439A700E76594 /* TextStyle.swift in Sources */ = {isa = PBXBuildFile; fileRef = 29A73B012C3439A700E76594 /* TextStyle.swift */; };
		29A73B052C34474B00E76594 /* AgeRate.swift in Sources */ = {isa = PBXBuildFile; fileRef = 29A73B042C34474B00E76594 /* AgeRate.swift */; };
		29A73B072C34476400E76594 /* AgeRateStyle.swift in Sources */ = {isa = PBXBuildFile; fileRef = 29A73B062C34476400E76594 /* AgeRateStyle.swift */; };
		29A73B112C34895C00E76594 /* Colors.xcassets in Resources */ = {isa = PBXBuildFile; fileRef = 29A73B102C34895C00E76594 /* Colors.xcassets */; };
		29F6678A2C3DD97900BBE42F /* View+Extension.swift in Sources */ = {isa = PBXBuildFile; fileRef = 29F667892C3DD97900BBE42F /* View+Extension.swift */; };
/* End PBXBuildFile section */

/* Begin PBXContainerItemProxy section */
		298A80C82C3D81FD005E2367 /* PBXContainerItemProxy */ = {
			isa = PBXContainerItemProxy;
			containerPortal = 29A73AC62C34315500E76594 /* Project object */;
			proxyType = 1;
			remoteGlobalIDString = 29A73ACD2C34315600E76594;
			remoteInfo = FlixerProject;
		};
		29A73ADF2C34315800E76594 /* PBXContainerItemProxy */ = {
			isa = PBXContainerItemProxy;
			containerPortal = 29A73AC62C34315500E76594 /* Project object */;
			proxyType = 1;
			remoteGlobalIDString = 29A73ACD2C34315600E76594;
			remoteInfo = FlixerProject;
		};
/* End PBXContainerItemProxy section */

/* Begin PBXFileReference section */
		295D878A2C3499510024DD0F /* View+Extension.swift */ = {isa = PBXFileReference; lastKnownFileType = sourcecode.swift; path = "View+Extension.swift"; sourceTree = "<group>"; };
		295D878D2C349C970024DD0F /* BorderedModifier.swift */ = {isa = PBXFileReference; lastKnownFileType = sourcecode.swift; path = BorderedModifier.swift; sourceTree = "<group>"; };
		295D878F2C35C0AD0024DD0F /* ProviderTag.swift */ = {isa = PBXFileReference; lastKnownFileType = sourcecode.swift; path = ProviderTag.swift; sourceTree = "<group>"; };
		295D87922C35C6EB0024DD0F /* ProviderTagStyle.swift */ = {isa = PBXFileReference; lastKnownFileType = sourcecode.swift; path = ProviderTagStyle.swift; sourceTree = "<group>"; };
		295D87962C35DDA50024DD0F /* Icon.swift */ = {isa = PBXFileReference; lastKnownFileType = sourcecode.swift; path = Icon.swift; sourceTree = "<group>"; };
		295D87992C35E1210024DD0F /* IconStyle.swift */ = {isa = PBXFileReference; lastKnownFileType = sourcecode.swift; path = IconStyle.swift; sourceTree = "<group>"; };
		295D879B2C36D0A20024DD0F /* ImageFrame.swift */ = {isa = PBXFileReference; lastKnownFileType = sourcecode.swift; path = ImageFrame.swift; sourceTree = "<group>"; };
		295D879E2C36D0B20024DD0F /* ImageFrameStyle.swift */ = {isa = PBXFileReference; lastKnownFileType = sourcecode.swift; path = ImageFrameStyle.swift; sourceTree = "<group>"; };
		295D87A02C36DCD20024DD0F /* CornerRadiusModifier.swift */ = {isa = PBXFileReference; lastKnownFileType = sourcecode.swift; path = CornerRadiusModifier.swift; sourceTree = "<group>"; };
		295D87A22C3712AB0024DD0F /* RatingBox.swift */ = {isa = PBXFileReference; lastKnownFileType = sourcecode.swift; path = RatingBox.swift; sourceTree = "<group>"; };
		295D87A52C3712C00024DD0F /* RatingBoxStyle.swift */ = {isa = PBXFileReference; lastKnownFileType = sourcecode.swift; path = RatingBoxStyle.swift; sourceTree = "<group>"; };
		298A80C42C3D81FD005E2367 /* FlixerProjectSnapshotTests.xctest */ = {isa = PBXFileReference; explicitFileType = wrapper.cfbundle; includeInIndex = 0; path = FlixerProjectSnapshotTests.xctest; sourceTree = BUILT_PRODUCTS_DIR; };
		298A80C62C3D81FD005E2367 /* IconSnapshotTests.swift */ = {isa = PBXFileReference; lastKnownFileType = sourcecode.swift; path = IconSnapshotTests.swift; sourceTree = "<group>"; };
		298A80D52C3DB415005E2367 /* TextSnapshopTest.swift */ = {isa = PBXFileReference; lastKnownFileType = sourcecode.swift; path = TextSnapshopTest.swift; sourceTree = "<group>"; };
		298A80D92C3DB69F005E2367 /* RatingBoxSnapshotTests.swift */ = {isa = PBXFileReference; lastKnownFileType = sourcecode.swift; path = RatingBoxSnapshotTests.swift; sourceTree = "<group>"; };
		298A80DC2C3DB78E005E2367 /* ImageFrameSnapshotTests.swift */ = {isa = PBXFileReference; lastKnownFileType = sourcecode.swift; path = ImageFrameSnapshotTests.swift; sourceTree = "<group>"; };
		298A80DF2C3DB8F8005E2367 /* AgeRateSnapshotTests.swift */ = {isa = PBXFileReference; lastKnownFileType = sourcecode.swift; path = AgeRateSnapshotTests.swift; sourceTree = "<group>"; };
		298A80E22C3DB990005E2367 /* ProviderTagSnapshotTests.swift */ = {isa = PBXFileReference; lastKnownFileType = sourcecode.swift; path = ProviderTagSnapshotTests.swift; sourceTree = "<group>"; };
		29A73ACE2C34315600E76594 /* FlixerProject.app */ = {isa = PBXFileReference; explicitFileType = wrapper.application; includeInIndex = 0; path = FlixerProject.app; sourceTree = BUILT_PRODUCTS_DIR; };
		29A73AD12C34315600E76594 /* FlixerProjectApp.swift */ = {isa = PBXFileReference; lastKnownFileType = sourcecode.swift; path = FlixerProjectApp.swift; sourceTree = "<group>"; };
		29A73AD32C34315600E76594 /* ContentView.swift */ = {isa = PBXFileReference; lastKnownFileType = sourcecode.swift; path = ContentView.swift; sourceTree = "<group>"; };
		29A73AD52C34315800E76594 /* Assets.xcassets */ = {isa = PBXFileReference; lastKnownFileType = folder.assetcatalog; path = Assets.xcassets; sourceTree = "<group>"; };
		29A73AD82C34315800E76594 /* Preview Assets.xcassets */ = {isa = PBXFileReference; lastKnownFileType = folder.assetcatalog; path = "Preview Assets.xcassets"; sourceTree = "<group>"; };
		29A73ADE2C34315800E76594 /* FlixerProjectTests.xctest */ = {isa = PBXFileReference; explicitFileType = wrapper.cfbundle; includeInIndex = 0; path = FlixerProjectTests.xctest; sourceTree = BUILT_PRODUCTS_DIR; };
		29A73AE22C34315800E76594 /* FlixerProjectTests.swift */ = {isa = PBXFileReference; lastKnownFileType = sourcecode.swift; path = FlixerProjectTests.swift; sourceTree = "<group>"; };
		29A73AFF2C34399200E76594 /* Text+Extension.swift */ = {isa = PBXFileReference; lastKnownFileType = sourcecode.swift; path = "Text+Extension.swift"; sourceTree = "<group>"; };
		29A73B012C3439A700E76594 /* TextStyle.swift */ = {isa = PBXFileReference; lastKnownFileType = sourcecode.swift; path = TextStyle.swift; sourceTree = "<group>"; };
		29A73B042C34474B00E76594 /* AgeRate.swift */ = {isa = PBXFileReference; lastKnownFileType = sourcecode.swift; path = AgeRate.swift; sourceTree = "<group>"; };
		29A73B062C34476400E76594 /* AgeRateStyle.swift */ = {isa = PBXFileReference; lastKnownFileType = sourcecode.swift; path = AgeRateStyle.swift; sourceTree = "<group>"; };
		29A73B102C34895C00E76594 /* Colors.xcassets */ = {isa = PBXFileReference; lastKnownFileType = folder.assetcatalog; path = Colors.xcassets; sourceTree = "<group>"; };
		29F667892C3DD97900BBE42F /* View+Extension.swift */ = {isa = PBXFileReference; lastKnownFileType = sourcecode.swift; path = "View+Extension.swift"; sourceTree = "<group>"; };
/* End PBXFileReference section */

/* Begin PBXFrameworksBuildPhase section */
		298A80C12C3D81FD005E2367 /* Frameworks */ = {
			isa = PBXFrameworksBuildPhase;
			buildActionMask = 2147483647;
			files = (
				298A80D02C3D8234005E2367 /* SnapshotTesting in Frameworks */,
			);
			runOnlyForDeploymentPostprocessing = 0;
		};
		29A73ACB2C34315600E76594 /* Frameworks */ = {
			isa = PBXFrameworksBuildPhase;
			buildActionMask = 2147483647;
			files = (
			);
			runOnlyForDeploymentPostprocessing = 0;
		};
		29A73ADB2C34315800E76594 /* Frameworks */ = {
			isa = PBXFrameworksBuildPhase;
			buildActionMask = 2147483647;
			files = (
			);
			runOnlyForDeploymentPostprocessing = 0;
		};
/* End PBXFrameworksBuildPhase section */

/* Begin PBXGroup section */
		295D87882C3499360024DD0F /* Helpers */ = {
			isa = PBXGroup;
			children = (
				295D878C2C349C880024DD0F /* Modifiers */,
				295D87892C3499420024DD0F /* Extensions */,
			);
			path = Helpers;
			sourceTree = "<group>";
		};
		295D87892C3499420024DD0F /* Extensions */ = {
			isa = PBXGroup;
			children = (
				295D878A2C3499510024DD0F /* View+Extension.swift */,
			);
			path = Extensions;
			sourceTree = "<group>";
		};
		295D878C2C349C880024DD0F /* Modifiers */ = {
			isa = PBXGroup;
			children = (
				295D878D2C349C970024DD0F /* BorderedModifier.swift */,
				295D87A02C36DCD20024DD0F /* CornerRadiusModifier.swift */,
			);
			path = Modifiers;
			sourceTree = "<group>";
		};
		295D87912C35C0B00024DD0F /* ProviderTag */ = {
			isa = PBXGroup;
			children = (
				295D878F2C35C0AD0024DD0F /* ProviderTag.swift */,
				295D87922C35C6EB0024DD0F /* ProviderTagStyle.swift */,
			);
			path = ProviderTag;
			sourceTree = "<group>";
		};
		295D87942C35DC920024DD0F /* Components */ = {
			isa = PBXGroup;
			children = (
				295D87A42C3712AE0024DD0F /* RatingBox */,
				295D879D2C36D0A70024DD0F /* ImageFrame */,
				29A73B032C34473B00E76594 /* AgeRate */,
				295D87912C35C0B00024DD0F /* ProviderTag */,
			);
			path = Components;
			sourceTree = "<group>";
		};
		295D87952C35DD9B0024DD0F /* Icon */ = {
			isa = PBXGroup;
			children = (
				295D87962C35DDA50024DD0F /* Icon.swift */,
				295D87992C35E1210024DD0F /* IconStyle.swift */,
			);
			path = Icon;
			sourceTree = "<group>";
		};
		295D879D2C36D0A70024DD0F /* ImageFrame */ = {
			isa = PBXGroup;
			children = (
				295D879B2C36D0A20024DD0F /* ImageFrame.swift */,
				295D879E2C36D0B20024DD0F /* ImageFrameStyle.swift */,
			);
			path = ImageFrame;
			sourceTree = "<group>";
		};
		295D87A42C3712AE0024DD0F /* RatingBox */ = {
			isa = PBXGroup;
			children = (
				295D87A22C3712AB0024DD0F /* RatingBox.swift */,
				295D87A52C3712C00024DD0F /* RatingBoxStyle.swift */,
			);
			path = RatingBox;
			sourceTree = "<group>";
		};
		298A80C52C3D81FD005E2367 /* FlixerProjectSnapshotTests */ = {
			isa = PBXGroup;
			children = (
				29F667882C3DD96A00BBE42F /* Helpers */,
				298A80D12C3D82BC005E2367 /* UI */,
			);
			path = FlixerProjectSnapshotTests;
			sourceTree = "<group>";
		};
		298A80CE2C3D8234005E2367 /* Frameworks */ = {
			isa = PBXGroup;
			children = (
			);
			name = Frameworks;
			sourceTree = "<group>";
		};
		298A80D12C3D82BC005E2367 /* UI */ = {
			isa = PBXGroup;
			children = (
				298A80D72C3DB685005E2367 /* Components */,
				298A80D22C3D82BF005E2367 /* BaseComponents */,
			);
			path = UI;
			sourceTree = "<group>";
		};
		298A80D22C3D82BF005E2367 /* BaseComponents */ = {
			isa = PBXGroup;
			children = (
				298A80D42C3DB3EF005E2367 /* Text */,
				298A80D32C3D82C5005E2367 /* Icon */,
			);
			path = BaseComponents;
			sourceTree = "<group>";
		};
		298A80D32C3D82C5005E2367 /* Icon */ = {
			isa = PBXGroup;
			children = (
				298A80C62C3D81FD005E2367 /* IconSnapshotTests.swift */,
			);
			path = Icon;
			sourceTree = "<group>";
		};
		298A80D42C3DB3EF005E2367 /* Text */ = {
			isa = PBXGroup;
			children = (
				298A80D52C3DB415005E2367 /* TextSnapshopTest.swift */,
			);
			path = Text;
			sourceTree = "<group>";
		};
		298A80D72C3DB685005E2367 /* Components */ = {
			isa = PBXGroup;
			children = (
				298A80E12C3DB984005E2367 /* ProviderTag */,
				298A80DE2C3DB8ED005E2367 /* AgeRate */,
				298A80DB2C3DB785005E2367 /* ImageFrame */,
				298A80D82C3DB692005E2367 /* RatingBox */,
			);
			path = Components;
			sourceTree = "<group>";
		};
		298A80D82C3DB692005E2367 /* RatingBox */ = {
			isa = PBXGroup;
			children = (
				298A80D92C3DB69F005E2367 /* RatingBoxSnapshotTests.swift */,
			);
			path = RatingBox;
			sourceTree = "<group>";
		};
		298A80DB2C3DB785005E2367 /* ImageFrame */ = {
			isa = PBXGroup;
			children = (
				298A80DC2C3DB78E005E2367 /* ImageFrameSnapshotTests.swift */,
			);
			path = ImageFrame;
			sourceTree = "<group>";
		};
		298A80DE2C3DB8ED005E2367 /* AgeRate */ = {
			isa = PBXGroup;
			children = (
				298A80DF2C3DB8F8005E2367 /* AgeRateSnapshotTests.swift */,
			);
			path = AgeRate;
			sourceTree = "<group>";
		};
		298A80E12C3DB984005E2367 /* ProviderTag */ = {
			isa = PBXGroup;
			children = (
				298A80E22C3DB990005E2367 /* ProviderTagSnapshotTests.swift */,
			);
			path = ProviderTag;
			sourceTree = "<group>";
		};
		29A73AC52C34315500E76594 = {
			isa = PBXGroup;
			children = (
				29A73AD02C34315600E76594 /* FlixerProject */,
				29A73AE12C34315800E76594 /* FlixerProjectTests */,
				298A80C52C3D81FD005E2367 /* FlixerProjectSnapshotTests */,
				29A73ACF2C34315600E76594 /* Products */,
				298A80CE2C3D8234005E2367 /* Frameworks */,
			);
			sourceTree = "<group>";
		};
		29A73ACF2C34315600E76594 /* Products */ = {
			isa = PBXGroup;
			children = (
				29A73ACE2C34315600E76594 /* FlixerProject.app */,
				29A73ADE2C34315800E76594 /* FlixerProjectTests.xctest */,
				298A80C42C3D81FD005E2367 /* FlixerProjectSnapshotTests.xctest */,
			);
			name = Products;
			sourceTree = "<group>";
		};
		29A73AD02C34315600E76594 /* FlixerProject */ = {
			isa = PBXGroup;
			children = (
				295D87882C3499360024DD0F /* Helpers */,
				29A73B0E2C34894500E76594 /* Resources */,
				29A73AFC2C34393500E76594 /* UI */,
				29A73AD12C34315600E76594 /* FlixerProjectApp.swift */,
				29A73AD32C34315600E76594 /* ContentView.swift */,
				29A73AD72C34315800E76594 /* Preview Content */,
			);
			path = FlixerProject;
			sourceTree = "<group>";
		};
		29A73AD72C34315800E76594 /* Preview Content */ = {
			isa = PBXGroup;
			children = (
				29A73AD82C34315800E76594 /* Preview Assets.xcassets */,
			);
			path = "Preview Content";
			sourceTree = "<group>";
		};
		29A73AE12C34315800E76594 /* FlixerProjectTests */ = {
			isa = PBXGroup;
			children = (
				29A73AE22C34315800E76594 /* FlixerProjectTests.swift */,
			);
			path = FlixerProjectTests;
			sourceTree = "<group>";
		};
		29A73AFC2C34393500E76594 /* UI */ = {
			isa = PBXGroup;
			children = (
				295D87942C35DC920024DD0F /* Components */,
				29A73AFD2C34394D00E76594 /* BaseComponents */,
			);
			path = UI;
			sourceTree = "<group>";
		};
		29A73AFD2C34394D00E76594 /* BaseComponents */ = {
			isa = PBXGroup;
			children = (
				295D87952C35DD9B0024DD0F /* Icon */,
				29A73AFE2C34397400E76594 /* Text */,
			);
			path = BaseComponents;
			sourceTree = "<group>";
		};
		29A73AFE2C34397400E76594 /* Text */ = {
			isa = PBXGroup;
			children = (
				29A73AFF2C34399200E76594 /* Text+Extension.swift */,
				29A73B012C3439A700E76594 /* TextStyle.swift */,
			);
			path = Text;
			sourceTree = "<group>";
		};
		29A73B032C34473B00E76594 /* AgeRate */ = {
			isa = PBXGroup;
			children = (
				29A73B042C34474B00E76594 /* AgeRate.swift */,
				29A73B062C34476400E76594 /* AgeRateStyle.swift */,
			);
			path = AgeRate;
			sourceTree = "<group>";
		};
		29A73B0E2C34894500E76594 /* Resources */ = {
			isa = PBXGroup;
			children = (
				29A73AD52C34315800E76594 /* Assets.xcassets */,
				29A73B102C34895C00E76594 /* Colors.xcassets */,
			);
			path = Resources;
			sourceTree = "<group>";
		};
		29F667882C3DD96A00BBE42F /* Helpers */ = {
			isa = PBXGroup;
			children = (
				29F667892C3DD97900BBE42F /* View+Extension.swift */,
			);
			path = Helpers;
			sourceTree = "<group>";
		};
/* End PBXGroup section */

/* Begin PBXNativeTarget section */
		298A80C32C3D81FD005E2367 /* FlixerProjectSnapshotTests */ = {
			isa = PBXNativeTarget;
			buildConfigurationList = 298A80CC2C3D81FE005E2367 /* Build configuration list for PBXNativeTarget "FlixerProjectSnapshotTests" */;
			buildPhases = (
				298A80C02C3D81FD005E2367 /* Sources */,
				298A80C12C3D81FD005E2367 /* Frameworks */,
				298A80C22C3D81FD005E2367 /* Resources */,
			);
			buildRules = (
			);
			dependencies = (
				298A80C92C3D81FD005E2367 /* PBXTargetDependency */,
			);
			name = FlixerProjectSnapshotTests;
			packageProductDependencies = (
				298A80CF2C3D8234005E2367 /* SnapshotTesting */,
			);
			productName = FlixerProjectSnapshotTests;
			productReference = 298A80C42C3D81FD005E2367 /* FlixerProjectSnapshotTests.xctest */;
			productType = "com.apple.product-type.bundle.unit-test";
		};
		29A73ACD2C34315600E76594 /* FlixerProject */ = {
			isa = PBXNativeTarget;
			buildConfigurationList = 29A73AF22C34315800E76594 /* Build configuration list for PBXNativeTarget "FlixerProject" */;
			buildPhases = (
				29A73ACA2C34315600E76594 /* Sources */,
				29A73ACB2C34315600E76594 /* Frameworks */,
				29A73ACC2C34315600E76594 /* Resources */,
			);
			buildRules = (
			);
			dependencies = (
				29A73B0D2C3476EE00E76594 /* PBXTargetDependency */,
			);
			name = FlixerProject;
			productName = FlixerProject;
			productReference = 29A73ACE2C34315600E76594 /* FlixerProject.app */;
			productType = "com.apple.product-type.application";
		};
		29A73ADD2C34315800E76594 /* FlixerProjectTests */ = {
			isa = PBXNativeTarget;
			buildConfigurationList = 29A73AF52C34315800E76594 /* Build configuration list for PBXNativeTarget "FlixerProjectTests" */;
			buildPhases = (
				29A73ADA2C34315800E76594 /* Sources */,
				29A73ADB2C34315800E76594 /* Frameworks */,
				29A73ADC2C34315800E76594 /* Resources */,
			);
			buildRules = (
			);
			dependencies = (
				29A73AE02C34315800E76594 /* PBXTargetDependency */,
			);
			name = FlixerProjectTests;
			productName = FlixerProjectTests;
			productReference = 29A73ADE2C34315800E76594 /* FlixerProjectTests.xctest */;
			productType = "com.apple.product-type.bundle.unit-test";
		};
/* End PBXNativeTarget section */

/* Begin PBXProject section */
		29A73AC62C34315500E76594 /* Project object */ = {
			isa = PBXProject;
			attributes = {
				BuildIndependentTargetsInParallel = 1;
				LastSwiftUpdateCheck = 1500;
				LastUpgradeCheck = 1500;
				TargetAttributes = {
					298A80C32C3D81FD005E2367 = {
						CreatedOnToolsVersion = 15.0;
						TestTargetID = 29A73ACD2C34315600E76594;
					};
					29A73ACD2C34315600E76594 = {
						CreatedOnToolsVersion = 15.0;
					};
					29A73ADD2C34315800E76594 = {
						CreatedOnToolsVersion = 15.0;
						TestTargetID = 29A73ACD2C34315600E76594;
					};
				};
			};
			buildConfigurationList = 29A73AC92C34315500E76594 /* Build configuration list for PBXProject "FlixerProject" */;
			compatibilityVersion = "Xcode 14.0";
			developmentRegion = en;
			hasScannedForEncodings = 0;
			knownRegions = (
				en,
				Base,
			);
			mainGroup = 29A73AC52C34315500E76594;
			packageReferences = (
				29A73B0B2C34743600E76594 /* XCRemoteSwiftPackageReference "SwiftLint" */,
				298A80CD2C3D822E005E2367 /* XCRemoteSwiftPackageReference "swift-snapshot-testing" */,
			);
			productRefGroup = 29A73ACF2C34315600E76594 /* Products */;
			projectDirPath = "";
			projectRoot = "";
			targets = (
				29A73ACD2C34315600E76594 /* FlixerProject */,
				29A73ADD2C34315800E76594 /* FlixerProjectTests */,
				298A80C32C3D81FD005E2367 /* FlixerProjectSnapshotTests */,
			);
		};
/* End PBXProject section */

/* Begin PBXResourcesBuildPhase section */
		298A80C22C3D81FD005E2367 /* Resources */ = {
			isa = PBXResourcesBuildPhase;
			buildActionMask = 2147483647;
			files = (
			);
			runOnlyForDeploymentPostprocessing = 0;
		};
		29A73ACC2C34315600E76594 /* Resources */ = {
			isa = PBXResourcesBuildPhase;
			buildActionMask = 2147483647;
			files = (
				29A73B112C34895C00E76594 /* Colors.xcassets in Resources */,
				29A73AD92C34315800E76594 /* Preview Assets.xcassets in Resources */,
				29A73AD62C34315800E76594 /* Assets.xcassets in Resources */,
			);
			runOnlyForDeploymentPostprocessing = 0;
		};
		29A73ADC2C34315800E76594 /* Resources */ = {
			isa = PBXResourcesBuildPhase;
			buildActionMask = 2147483647;
			files = (
			);
			runOnlyForDeploymentPostprocessing = 0;
		};
/* End PBXResourcesBuildPhase section */

/* Begin PBXSourcesBuildPhase section */
		298A80C02C3D81FD005E2367 /* Sources */ = {
			isa = PBXSourcesBuildPhase;
			buildActionMask = 2147483647;
			files = (
				298A80DA2C3DB69F005E2367 /* RatingBoxSnapshotTests.swift in Sources */,
				298A80DD2C3DB78E005E2367 /* ImageFrameSnapshotTests.swift in Sources */,
				298A80E02C3DB8F8005E2367 /* AgeRateSnapshotTests.swift in Sources */,
				298A80D62C3DB415005E2367 /* TextSnapshopTest.swift in Sources */,
				298A80C72C3D81FD005E2367 /* IconSnapshotTests.swift in Sources */,
				29F6678A2C3DD97900BBE42F /* View+Extension.swift in Sources */,
				298A80E32C3DB990005E2367 /* ProviderTagSnapshotTests.swift in Sources */,
			);
			runOnlyForDeploymentPostprocessing = 0;
		};
		29A73ACA2C34315600E76594 /* Sources */ = {
			isa = PBXSourcesBuildPhase;
			buildActionMask = 2147483647;
			files = (
				295D87902C35C0AD0024DD0F /* ProviderTag.swift in Sources */,
				295D879F2C36D0B20024DD0F /* ImageFrameStyle.swift in Sources */,
				29A73B022C3439A700E76594 /* TextStyle.swift in Sources */,
				29A73AD42C34315600E76594 /* ContentView.swift in Sources */,
				29A73AD22C34315600E76594 /* FlixerProjectApp.swift in Sources */,
				29A73B002C34399200E76594 /* Text+Extension.swift in Sources */,
				29A73B052C34474B00E76594 /* AgeRate.swift in Sources */,
				295D878B2C3499510024DD0F /* View+Extension.swift in Sources */,
				295D87A32C3712AB0024DD0F /* RatingBox.swift in Sources */,
				295D87972C35DDA50024DD0F /* Icon.swift in Sources */,
				295D879A2C35E1210024DD0F /* IconStyle.swift in Sources */,
				29A73B072C34476400E76594 /* AgeRateStyle.swift in Sources */,
				295D878E2C349C970024DD0F /* BorderedModifier.swift in Sources */,
				295D87932C35C6EB0024DD0F /* ProviderTagStyle.swift in Sources */,
				295D87A62C3712C00024DD0F /* RatingBoxStyle.swift in Sources */,
				295D87A12C36DCD20024DD0F /* CornerRadiusModifier.swift in Sources */,
				295D879C2C36D0A20024DD0F /* ImageFrame.swift in Sources */,
			);
			runOnlyForDeploymentPostprocessing = 0;
		};
		29A73ADA2C34315800E76594 /* Sources */ = {
			isa = PBXSourcesBuildPhase;
			buildActionMask = 2147483647;
			files = (
				29A73AE32C34315800E76594 /* FlixerProjectTests.swift in Sources */,
			);
			runOnlyForDeploymentPostprocessing = 0;
		};
/* End PBXSourcesBuildPhase section */

/* Begin PBXTargetDependency section */
		298A80C92C3D81FD005E2367 /* PBXTargetDependency */ = {
			isa = PBXTargetDependency;
			target = 29A73ACD2C34315600E76594 /* FlixerProject */;
			targetProxy = 298A80C82C3D81FD005E2367 /* PBXContainerItemProxy */;
		};
		29A73AE02C34315800E76594 /* PBXTargetDependency */ = {
			isa = PBXTargetDependency;
			target = 29A73ACD2C34315600E76594 /* FlixerProject */;
			targetProxy = 29A73ADF2C34315800E76594 /* PBXContainerItemProxy */;
		};
		29A73B0D2C3476EE00E76594 /* PBXTargetDependency */ = {
			isa = PBXTargetDependency;
			productRef = 29A73B0C2C3476EE00E76594 /* SwiftLintBuildToolPlugin */;
		};
/* End PBXTargetDependency section */

/* Begin XCBuildConfiguration section */
		298A80CA2C3D81FE005E2367 /* Debug */ = {
			isa = XCBuildConfiguration;
			buildSettings = {
				BUNDLE_LOADER = "$(TEST_HOST)";
				CODE_SIGN_STYLE = Automatic;
				CURRENT_PROJECT_VERSION = 1;
				DEVELOPMENT_TEAM = 34BX29F83H;
				GENERATE_INFOPLIST_FILE = YES;
				MARKETING_VERSION = 1.0;
				PRODUCT_BUNDLE_IDENTIFIER = com.coradine.FlixerProjectSnapshotTests;
				PRODUCT_NAME = "$(TARGET_NAME)";
				SWIFT_EMIT_LOC_STRINGS = NO;
				SWIFT_VERSION = 5.0;
				TARGETED_DEVICE_FAMILY = "1,2";
				TEST_HOST = "$(BUILT_PRODUCTS_DIR)/FlixerProject.app/$(BUNDLE_EXECUTABLE_FOLDER_PATH)/FlixerProject";
			};
			name = Debug;
		};
		298A80CB2C3D81FE005E2367 /* Release */ = {
			isa = XCBuildConfiguration;
			buildSettings = {
				BUNDLE_LOADER = "$(TEST_HOST)";
				CODE_SIGN_STYLE = Automatic;
				CURRENT_PROJECT_VERSION = 1;
				DEVELOPMENT_TEAM = 34BX29F83H;
				GENERATE_INFOPLIST_FILE = YES;
				MARKETING_VERSION = 1.0;
				PRODUCT_BUNDLE_IDENTIFIER = com.coradine.FlixerProjectSnapshotTests;
				PRODUCT_NAME = "$(TARGET_NAME)";
				SWIFT_EMIT_LOC_STRINGS = NO;
				SWIFT_VERSION = 5.0;
				TARGETED_DEVICE_FAMILY = "1,2";
				TEST_HOST = "$(BUILT_PRODUCTS_DIR)/FlixerProject.app/$(BUNDLE_EXECUTABLE_FOLDER_PATH)/FlixerProject";
			};
			name = Release;
		};
		29A73AF02C34315800E76594 /* Debug */ = {
			isa = XCBuildConfiguration;
			buildSettings = {
				ALWAYS_SEARCH_USER_PATHS = NO;
				ASSETCATALOG_COMPILER_GENERATE_SWIFT_ASSET_SYMBOL_EXTENSIONS = YES;
				CLANG_ANALYZER_NONNULL = YES;
				CLANG_ANALYZER_NUMBER_OBJECT_CONVERSION = YES_AGGRESSIVE;
				CLANG_CXX_LANGUAGE_STANDARD = "gnu++20";
				CLANG_ENABLE_MODULES = YES;
				CLANG_ENABLE_OBJC_ARC = YES;
				CLANG_ENABLE_OBJC_WEAK = YES;
				CLANG_WARN_BLOCK_CAPTURE_AUTORELEASING = YES;
				CLANG_WARN_BOOL_CONVERSION = YES;
				CLANG_WARN_COMMA = YES;
				CLANG_WARN_CONSTANT_CONVERSION = YES;
				CLANG_WARN_DEPRECATED_OBJC_IMPLEMENTATIONS = YES;
				CLANG_WARN_DIRECT_OBJC_ISA_USAGE = YES_ERROR;
				CLANG_WARN_DOCUMENTATION_COMMENTS = YES;
				CLANG_WARN_EMPTY_BODY = YES;
				CLANG_WARN_ENUM_CONVERSION = YES;
				CLANG_WARN_INFINITE_RECURSION = YES;
				CLANG_WARN_INT_CONVERSION = YES;
				CLANG_WARN_NON_LITERAL_NULL_CONVERSION = YES;
				CLANG_WARN_OBJC_IMPLICIT_RETAIN_SELF = YES;
				CLANG_WARN_OBJC_LITERAL_CONVERSION = YES;
				CLANG_WARN_OBJC_ROOT_CLASS = YES_ERROR;
				CLANG_WARN_QUOTED_INCLUDE_IN_FRAMEWORK_HEADER = YES;
				CLANG_WARN_RANGE_LOOP_ANALYSIS = YES;
				CLANG_WARN_STRICT_PROTOTYPES = YES;
				CLANG_WARN_SUSPICIOUS_MOVE = YES;
				CLANG_WARN_UNGUARDED_AVAILABILITY = YES_AGGRESSIVE;
				CLANG_WARN_UNREACHABLE_CODE = YES;
				CLANG_WARN__DUPLICATE_METHOD_MATCH = YES;
				COPY_PHASE_STRIP = NO;
				DEBUG_INFORMATION_FORMAT = dwarf;
				ENABLE_STRICT_OBJC_MSGSEND = YES;
				ENABLE_TESTABILITY = YES;
				ENABLE_USER_SCRIPT_SANDBOXING = YES;
				GCC_C_LANGUAGE_STANDARD = gnu17;
				GCC_DYNAMIC_NO_PIC = NO;
				GCC_NO_COMMON_BLOCKS = YES;
				GCC_OPTIMIZATION_LEVEL = 0;
				GCC_PREPROCESSOR_DEFINITIONS = (
					"DEBUG=1",
					"$(inherited)",
				);
				GCC_WARN_64_TO_32_BIT_CONVERSION = YES;
				GCC_WARN_ABOUT_RETURN_TYPE = YES_ERROR;
				GCC_WARN_UNDECLARED_SELECTOR = YES;
				GCC_WARN_UNINITIALIZED_AUTOS = YES_AGGRESSIVE;
				GCC_WARN_UNUSED_FUNCTION = YES;
				GCC_WARN_UNUSED_VARIABLE = YES;
				IPHONEOS_DEPLOYMENT_TARGET = 17.0;
				LOCALIZATION_PREFERS_STRING_CATALOGS = YES;
				MTL_ENABLE_DEBUG_INFO = INCLUDE_SOURCE;
				MTL_FAST_MATH = YES;
				ONLY_ACTIVE_ARCH = YES;
				SDKROOT = iphoneos;
				SWIFT_ACTIVE_COMPILATION_CONDITIONS = "DEBUG $(inherited)";
				SWIFT_OPTIMIZATION_LEVEL = "-Onone";
			};
			name = Debug;
		};
		29A73AF12C34315800E76594 /* Release */ = {
			isa = XCBuildConfiguration;
			buildSettings = {
				ALWAYS_SEARCH_USER_PATHS = NO;
				ASSETCATALOG_COMPILER_GENERATE_SWIFT_ASSET_SYMBOL_EXTENSIONS = YES;
				CLANG_ANALYZER_NONNULL = YES;
				CLANG_ANALYZER_NUMBER_OBJECT_CONVERSION = YES_AGGRESSIVE;
				CLANG_CXX_LANGUAGE_STANDARD = "gnu++20";
				CLANG_ENABLE_MODULES = YES;
				CLANG_ENABLE_OBJC_ARC = YES;
				CLANG_ENABLE_OBJC_WEAK = YES;
				CLANG_WARN_BLOCK_CAPTURE_AUTORELEASING = YES;
				CLANG_WARN_BOOL_CONVERSION = YES;
				CLANG_WARN_COMMA = YES;
				CLANG_WARN_CONSTANT_CONVERSION = YES;
				CLANG_WARN_DEPRECATED_OBJC_IMPLEMENTATIONS = YES;
				CLANG_WARN_DIRECT_OBJC_ISA_USAGE = YES_ERROR;
				CLANG_WARN_DOCUMENTATION_COMMENTS = YES;
				CLANG_WARN_EMPTY_BODY = YES;
				CLANG_WARN_ENUM_CONVERSION = YES;
				CLANG_WARN_INFINITE_RECURSION = YES;
				CLANG_WARN_INT_CONVERSION = YES;
				CLANG_WARN_NON_LITERAL_NULL_CONVERSION = YES;
				CLANG_WARN_OBJC_IMPLICIT_RETAIN_SELF = YES;
				CLANG_WARN_OBJC_LITERAL_CONVERSION = YES;
				CLANG_WARN_OBJC_ROOT_CLASS = YES_ERROR;
				CLANG_WARN_QUOTED_INCLUDE_IN_FRAMEWORK_HEADER = YES;
				CLANG_WARN_RANGE_LOOP_ANALYSIS = YES;
				CLANG_WARN_STRICT_PROTOTYPES = YES;
				CLANG_WARN_SUSPICIOUS_MOVE = YES;
				CLANG_WARN_UNGUARDED_AVAILABILITY = YES_AGGRESSIVE;
				CLANG_WARN_UNREACHABLE_CODE = YES;
				CLANG_WARN__DUPLICATE_METHOD_MATCH = YES;
				COPY_PHASE_STRIP = NO;
				DEBUG_INFORMATION_FORMAT = "dwarf-with-dsym";
				ENABLE_NS_ASSERTIONS = NO;
				ENABLE_STRICT_OBJC_MSGSEND = YES;
				ENABLE_USER_SCRIPT_SANDBOXING = YES;
				GCC_C_LANGUAGE_STANDARD = gnu17;
				GCC_NO_COMMON_BLOCKS = YES;
				GCC_WARN_64_TO_32_BIT_CONVERSION = YES;
				GCC_WARN_ABOUT_RETURN_TYPE = YES_ERROR;
				GCC_WARN_UNDECLARED_SELECTOR = YES;
				GCC_WARN_UNINITIALIZED_AUTOS = YES_AGGRESSIVE;
				GCC_WARN_UNUSED_FUNCTION = YES;
				GCC_WARN_UNUSED_VARIABLE = YES;
				IPHONEOS_DEPLOYMENT_TARGET = 17.0;
				LOCALIZATION_PREFERS_STRING_CATALOGS = YES;
				MTL_ENABLE_DEBUG_INFO = NO;
				MTL_FAST_MATH = YES;
				SDKROOT = iphoneos;
				SWIFT_COMPILATION_MODE = wholemodule;
				VALIDATE_PRODUCT = YES;
			};
			name = Release;
		};
		29A73AF32C34315800E76594 /* Debug */ = {
			isa = XCBuildConfiguration;
			buildSettings = {
				ASSETCATALOG_COMPILER_APPICON_NAME = AppIcon;
				ASSETCATALOG_COMPILER_GENERATE_ASSET_SYMBOL_FRAMEWORKS = SwiftUI;
				ASSETCATALOG_COMPILER_GENERATE_SWIFT_ASSET_SYMBOL_EXTENSIONS = YES;
				ASSETCATALOG_COMPILER_GLOBAL_ACCENT_COLOR_NAME = AccentColor;
				CODE_SIGN_STYLE = Automatic;
				CURRENT_PROJECT_VERSION = 1;
				DEVELOPMENT_ASSET_PATHS = "\"FlixerProject/Preview Content\"";
				DEVELOPMENT_TEAM = 34BX29F83H;
				ENABLE_PREVIEWS = YES;
				GENERATE_INFOPLIST_FILE = YES;
				INFOPLIST_KEY_CFBundleDisplayName = Flixer;
				INFOPLIST_KEY_LSApplicationCategoryType = "public.app-category.entertainment";
				INFOPLIST_KEY_UIApplicationSceneManifest_Generation = YES;
				INFOPLIST_KEY_UIApplicationSupportsIndirectInputEvents = YES;
				INFOPLIST_KEY_UILaunchScreen_Generation = YES;
				INFOPLIST_KEY_UIStatusBarStyle = UIStatusBarStyleDarkContent;
				INFOPLIST_KEY_UISupportedInterfaceOrientations = UIInterfaceOrientationPortrait;
				INFOPLIST_KEY_UISupportedInterfaceOrientations_iPad = "UIInterfaceOrientationLandscapeLeft UIInterfaceOrientationLandscapeRight UIInterfaceOrientationPortrait UIInterfaceOrientationPortraitUpsideDown";
				LD_RUNPATH_SEARCH_PATHS = (
					"$(inherited)",
					"@executable_path/Frameworks",
				);
				MARKETING_VERSION = 1.0;
				PRODUCT_BUNDLE_IDENTIFIER = com.coradine.FlixerProject;
				PRODUCT_NAME = "$(TARGET_NAME)";
				SUPPORTED_PLATFORMS = "iphoneos iphonesimulator";
				SUPPORTS_MACCATALYST = NO;
				SUPPORTS_MAC_DESIGNED_FOR_IPHONE_IPAD = YES;
				SWIFT_EMIT_LOC_STRINGS = YES;
				SWIFT_VERSION = 5.0;
				TARGETED_DEVICE_FAMILY = 1;
			};
			name = Debug;
		};
		29A73AF42C34315800E76594 /* Release */ = {
			isa = XCBuildConfiguration;
			buildSettings = {
				ASSETCATALOG_COMPILER_APPICON_NAME = AppIcon;
				ASSETCATALOG_COMPILER_GENERATE_ASSET_SYMBOL_FRAMEWORKS = SwiftUI;
				ASSETCATALOG_COMPILER_GENERATE_SWIFT_ASSET_SYMBOL_EXTENSIONS = YES;
				ASSETCATALOG_COMPILER_GLOBAL_ACCENT_COLOR_NAME = AccentColor;
				CODE_SIGN_STYLE = Automatic;
				CURRENT_PROJECT_VERSION = 1;
				DEVELOPMENT_ASSET_PATHS = "\"FlixerProject/Preview Content\"";
				DEVELOPMENT_TEAM = 34BX29F83H;
				ENABLE_PREVIEWS = YES;
				GENERATE_INFOPLIST_FILE = YES;
				INFOPLIST_KEY_CFBundleDisplayName = Flixer;
				INFOPLIST_KEY_LSApplicationCategoryType = "public.app-category.entertainment";
				INFOPLIST_KEY_UIApplicationSceneManifest_Generation = YES;
				INFOPLIST_KEY_UIApplicationSupportsIndirectInputEvents = YES;
				INFOPLIST_KEY_UILaunchScreen_Generation = YES;
				INFOPLIST_KEY_UIStatusBarStyle = UIStatusBarStyleDarkContent;
				INFOPLIST_KEY_UISupportedInterfaceOrientations = UIInterfaceOrientationPortrait;
				INFOPLIST_KEY_UISupportedInterfaceOrientations_iPad = "UIInterfaceOrientationLandscapeLeft UIInterfaceOrientationLandscapeRight UIInterfaceOrientationPortrait UIInterfaceOrientationPortraitUpsideDown";
				LD_RUNPATH_SEARCH_PATHS = (
					"$(inherited)",
					"@executable_path/Frameworks",
				);
				MARKETING_VERSION = 1.0;
				PRODUCT_BUNDLE_IDENTIFIER = com.coradine.FlixerProject;
				PRODUCT_NAME = "$(TARGET_NAME)";
				SUPPORTED_PLATFORMS = "iphoneos iphonesimulator";
				SUPPORTS_MACCATALYST = NO;
				SUPPORTS_MAC_DESIGNED_FOR_IPHONE_IPAD = YES;
				SWIFT_EMIT_LOC_STRINGS = YES;
				SWIFT_VERSION = 5.0;
				TARGETED_DEVICE_FAMILY = 1;
			};
			name = Release;
		};
		29A73AF62C34315800E76594 /* Debug */ = {
			isa = XCBuildConfiguration;
			buildSettings = {
				ALWAYS_EMBED_SWIFT_STANDARD_LIBRARIES = YES;
				BUNDLE_LOADER = "$(TEST_HOST)";
				CODE_SIGN_STYLE = Automatic;
				CURRENT_PROJECT_VERSION = 1;
				DEVELOPMENT_TEAM = 34BX29F83H;
				GENERATE_INFOPLIST_FILE = YES;
				IPHONEOS_DEPLOYMENT_TARGET = 17.0;
				MARKETING_VERSION = 1.0;
				PRODUCT_BUNDLE_IDENTIFIER = com.coradine.FlixerProjectTests;
				PRODUCT_NAME = "$(TARGET_NAME)";
				SWIFT_EMIT_LOC_STRINGS = NO;
				SWIFT_VERSION = 5.0;
				TARGETED_DEVICE_FAMILY = "1,2";
				TEST_HOST = "$(BUILT_PRODUCTS_DIR)/FlixerProject.app/$(BUNDLE_EXECUTABLE_FOLDER_PATH)/FlixerProject";
			};
			name = Debug;
		};
		29A73AF72C34315800E76594 /* Release */ = {
			isa = XCBuildConfiguration;
			buildSettings = {
				ALWAYS_EMBED_SWIFT_STANDARD_LIBRARIES = YES;
				BUNDLE_LOADER = "$(TEST_HOST)";
				CODE_SIGN_STYLE = Automatic;
				CURRENT_PROJECT_VERSION = 1;
				DEVELOPMENT_TEAM = 34BX29F83H;
				GENERATE_INFOPLIST_FILE = YES;
				IPHONEOS_DEPLOYMENT_TARGET = 17.0;
				MARKETING_VERSION = 1.0;
				PRODUCT_BUNDLE_IDENTIFIER = com.coradine.FlixerProjectTests;
				PRODUCT_NAME = "$(TARGET_NAME)";
				SWIFT_EMIT_LOC_STRINGS = NO;
				SWIFT_VERSION = 5.0;
				TARGETED_DEVICE_FAMILY = "1,2";
				TEST_HOST = "$(BUILT_PRODUCTS_DIR)/FlixerProject.app/$(BUNDLE_EXECUTABLE_FOLDER_PATH)/FlixerProject";
			};
			name = Release;
		};
/* End XCBuildConfiguration section */

/* Begin XCConfigurationList section */
		298A80CC2C3D81FE005E2367 /* Build configuration list for PBXNativeTarget "FlixerProjectSnapshotTests" */ = {
			isa = XCConfigurationList;
			buildConfigurations = (
				298A80CA2C3D81FE005E2367 /* Debug */,
				298A80CB2C3D81FE005E2367 /* Release */,
			);
			defaultConfigurationIsVisible = 0;
			defaultConfigurationName = Release;
		};
		29A73AC92C34315500E76594 /* Build configuration list for PBXProject "FlixerProject" */ = {
			isa = XCConfigurationList;
			buildConfigurations = (
				29A73AF02C34315800E76594 /* Debug */,
				29A73AF12C34315800E76594 /* Release */,
			);
			defaultConfigurationIsVisible = 0;
			defaultConfigurationName = Release;
		};
		29A73AF22C34315800E76594 /* Build configuration list for PBXNativeTarget "FlixerProject" */ = {
			isa = XCConfigurationList;
			buildConfigurations = (
				29A73AF32C34315800E76594 /* Debug */,
				29A73AF42C34315800E76594 /* Release */,
			);
			defaultConfigurationIsVisible = 0;
			defaultConfigurationName = Release;
		};
		29A73AF52C34315800E76594 /* Build configuration list for PBXNativeTarget "FlixerProjectTests" */ = {
			isa = XCConfigurationList;
			buildConfigurations = (
				29A73AF62C34315800E76594 /* Debug */,
				29A73AF72C34315800E76594 /* Release */,
			);
			defaultConfigurationIsVisible = 0;
			defaultConfigurationName = Release;
		};
/* End XCConfigurationList section */

/* Begin XCRemoteSwiftPackageReference section */
		298A80CD2C3D822E005E2367 /* XCRemoteSwiftPackageReference "swift-snapshot-testing" */ = {
			isa = XCRemoteSwiftPackageReference;
			repositoryURL = "https://github.com/pointfreeco/swift-snapshot-testing";
			requirement = {
				kind = upToNextMajorVersion;
				minimumVersion = 1.17.0;
			};
		};
		29A73B0B2C34743600E76594 /* XCRemoteSwiftPackageReference "SwiftLint" */ = {
			isa = XCRemoteSwiftPackageReference;
			repositoryURL = "https://github.com/realm/SwiftLint.git";
			requirement = {
				kind = upToNextMajorVersion;
				minimumVersion = 0.55.1;
			};
		};
/* End XCRemoteSwiftPackageReference section */

/* Begin XCSwiftPackageProductDependency section */
		298A80CF2C3D8234005E2367 /* SnapshotTesting */ = {
			isa = XCSwiftPackageProductDependency;
			package = 298A80CD2C3D822E005E2367 /* XCRemoteSwiftPackageReference "swift-snapshot-testing" */;
			productName = SnapshotTesting;
		};
		29A73B0C2C3476EE00E76594 /* SwiftLintBuildToolPlugin */ = {
			isa = XCSwiftPackageProductDependency;
			package = 29A73B0B2C34743600E76594 /* XCRemoteSwiftPackageReference "SwiftLint" */;
			productName = "plugin:SwiftLintBuildToolPlugin";
		};
/* End XCSwiftPackageProductDependency section */
	};
	rootObject = 29A73AC62C34315500E76594 /* Project object */;
}
